
Microsoft Visual Studio Solution File, Format Version 12.00
# Visual Studio 15
VisualStudioVersion = 15.0.26430.16
MinimumVisualStudioVersion = 10.0.40219.1
Project("{FAE04EC0-301F-11D3-BF4B-00C04F79EFBC}") = "BE", "ClassLibrary1\BE.csproj", "{A56A01CA-CB3E-4DE4-9669-461D6E1467F3}"
EndProject
Project("{FAE04EC0-301F-11D3-BF4B-00C04F79EFBC}") = "DAL", "DAL\DAL.csproj", "{9126C3E8-394F-4CA1-BD47-4086A9C67AFA}"
EndProject
Project("{FAE04EC0-301F-11D3-BF4B-00C04F79EFBC}") = "DS", "ClassLibrary2\DS.csproj", "{DCBC8E9D-952B-44FD-8F30-E2960682AEDE}"
EndProject
Project("{FAE04EC0-301F-11D3-BF4B-00C04F79EFBC}") = "BL", "BL\BL.csproj", "{3CEA6F36-11B6-4040-B530-67586E7AFBE5}"
EndProject
Project("{FAE04EC0-301F-11D3-BF4B-00C04F79EFBC}") = "PL", "PL\PL.csproj", "{08CDF8B7-E5EA-479D-87B5-2619EDBD6528}"
EndProject
Project("{FAE04EC0-301F-11D3-BF4B-00C04F79EFBC}") = "PLWPF", "PLWPF\PLWPF.csproj", "{6F34FAB9-6CF5-4F26-9E6B-50A11902A597}"
EndProject
Global
	GlobalSection(SolutionConfigurationPlatforms) = preSolution
		Debug|Any CPU = Debug|Any CPU
		Release|Any CPU = Release|Any CPU
	EndGlobalSection
	GlobalSection(ProjectConfigurationPlatforms) = postSolution
		{A56A01CA-CB3E-4DE4-9669-461D6E1467F3}.Debug|Any CPU.ActiveCfg = Debug|Any CPU
		{A56A01CA-CB3E-4DE4-9669-461D6E1467F3}.Debug|Any CPU.Build.0 = Debug|Any CPU
		{A56A01CA-CB3E-4DE4-9669-461D6E1467F3}.Release|Any CPU.ActiveCfg = Release|Any CPU
		{A56A01CA-CB3E-4DE4-9669-461D6E1467F3}.Release|Any CPU.Build.0 = Release|Any CPU
		{9126C3E8-394F-4CA1-BD47-4086A9C67AFA}.Debug|Any CPU.ActiveCfg = Debug|Any CPU
		{9126C3E8-394F-4CA1-BD47-4086A9C67AFA}.Debug|Any CPU.Build.0 = Debug|Any CPU
		{9126C3E8-394F-4CA1-BD47-4086A9C67AFA}.Release|Any CPU.ActiveCfg = Release|Any CPU
		{9126C3E8-394F-4CA1-BD47-4086A9C67AFA}.Release|Any CPU.Build.0 = Release|Any CPU
		{DCBC8E9D-952B-44FD-8F30-E2960682AEDE}.Debug|Any CPU.ActiveCfg = Debug|Any CPU
		{DCBC8E9D-952B-44FD-8F30-E2960682AEDE}.Debug|Any CPU.Build.0 = Debug|Any CPU
		{DCBC8E9D-952B-44FD-8F30-E2960682AEDE}.Release|Any CPU.ActiveCfg = Release|Any CPU
		{DCBC8E9D-952B-44FD-8F30-E2960682AEDE}.Release|Any CPU.Build.0 = Release|Any CPU
		{3CEA6F36-11B6-4040-B530-67586E7AFBE5}.Debug|Any CPU.ActiveCfg = Debug|Any CPU
		{3CEA6F36-11B6-4040-B530-67586E7AFBE5}.Debug|Any CPU.Build.0 = Debug|Any CPU
		{3CEA6F36-11B6-4040-B530-67586E7AFBE5}.Release|Any CPU.ActiveCfg = Release|Any CPU
		{3CEA6F36-11B6-4040-B530-67586E7AFBE5}.Release|Any CPU.Build.0 = Release|Any CPU
		{08CDF8B7-E5EA-479D-87B5-2619EDBD6528}.Debug|Any CPU.ActiveCfg = Debug|Any CPU
		{08CDF8B7-E5EA-479D-87B5-2619EDBD6528}.Debug|Any CPU.Build.0 = Debug|Any CPU
		{08CDF8B7-E5EA-479D-87B5-2619EDBD6528}.Release|Any CPU.ActiveCfg = Release|Any CPU
		{08CDF8B7-E5EA-479D-87B5-2619EDBD6528}.Release|Any CPU.Build.0 = Release|Any CPU
		{6F34FAB9-6CF5-4F26-9E6B-50A11902A597}.Debug|Any CPU.ActiveCfg = Debug|Any CPU
		{6F34FAB9-6CF5-4F26-9E6B-50A11902A597}.Debug|Any CPU.Build.0 = Debug|Any CPU
		{6F34FAB9-6CF5-4F26-9E6B-50A11902A597}.Release|Any CPU.ActiveCfg = Release|Any CPU
		{6F34FAB9-6CF5-4F26-9E6B-50A11902A597}.Release|Any CPU.Build.0 = Release|Any CPU
	EndGlobalSection
	GlobalSection(SolutionProperties) = preSolution
		HideSolutionNode = FALSE
	EndGlobalSection
EndGlobal
